
Microsoft Visual Studio Solution File, Format Version 12.00
# Visual Studio Version 17
VisualStudioVersion = 17.7.34221.43
MinimumVisualStudioVersion = 10.0.40219.1
Project("{8BC9CEB8-8B4A-11D0-8D11-00A0C91BC942}") = "chapter1", "chapter1\chapter1.vcxproj", "{7B37A41F-86C6-4A37-B358-CD6BA03C5878}"
EndProject
Project("{8BC9CEB8-8B4A-11D0-8D11-00A0C91BC942}") = "chapter2", "..\chapter2\chapter2.vcxproj", "{0E81857D-42DD-4AF1-A028-E189B22B200B}"
EndProject
Project("{8BC9CEB8-8B4A-11D0-8D11-00A0C91BC942}") = "chapter3", "..\chapter3\chapter3.vcxproj", "{AAA398A5-6013-4838-ABDD-48D1EACAC53E}"
EndProject
Global
	GlobalSection(SolutionConfigurationPlatforms) = preSolution
		Debug|x64 = Debug|x64
		Debug|x86 = Debug|x86
		Release|x64 = Release|x64
		Release|x86 = Release|x86
	EndGlobalSection
	GlobalSection(ProjectConfigurationPlatforms) = postSolution
		{7B37A41F-86C6-4A37-B358-CD6BA03C5878}.Debug|x64.ActiveCfg = Debug|x64
		{7B37A41F-86C6-4A37-B358-CD6BA03C5878}.Debug|x64.Build.0 = Debug|x64
		{7B37A41F-86C6-4A37-B358-CD6BA03C5878}.Debug|x86.ActiveCfg = Debug|Win32
		{7B37A41F-86C6-4A37-B358-CD6BA03C5878}.Debug|x86.Build.0 = Debug|Win32
		{7B37A41F-86C6-4A37-B358-CD6BA03C5878}.Release|x64.ActiveCfg = Release|x64
		{7B37A41F-86C6-4A37-B358-CD6BA03C5878}.Release|x64.Build.0 = Release|x64
		{7B37A41F-86C6-4A37-B358-CD6BA03C5878}.Release|x86.ActiveCfg = Release|Win32
		{7B37A41F-86C6-4A37-B358-CD6BA03C5878}.Release|x86.Build.0 = Release|Win32
		{0E81857D-42DD-4AF1-A028-E189B22B200B}.Debug|x64.ActiveCfg = Debug|x64
		{0E81857D-42DD-4AF1-A028-E189B22B200B}.Debug|x64.Build.0 = Debug|x64
		{0E81857D-42DD-4AF1-A028-E189B22B200B}.Debug|x86.ActiveCfg = Debug|Win32
		{0E81857D-42DD-4AF1-A028-E189B22B200B}.Debug|x86.Build.0 = Debug|Win32
		{0E81857D-42DD-4AF1-A028-E189B22B200B}.Release|x64.ActiveCfg = Release|x64
		{0E81857D-42DD-4AF1-A028-E189B22B200B}.Release|x64.Build.0 = Release|x64
		{0E81857D-42DD-4AF1-A028-E189B22B200B}.Release|x86.ActiveCfg = Release|Win32
		{0E81857D-42DD-4AF1-A028-E189B22B200B}.Release|x86.Build.0 = Release|Win32
		{AAA398A5-6013-4838-ABDD-48D1EACAC53E}.Debug|x64.ActiveCfg = Debug|x64
		{AAA398A5-6013-4838-ABDD-48D1EACAC53E}.Debug|x64.Build.0 = Debug|x64
		{AAA398A5-6013-4838-ABDD-48D1EACAC53E}.Debug|x86.ActiveCfg = Debug|Win32
		{AAA398A5-6013-4838-ABDD-48D1EACAC53E}.Debug|x86.Build.0 = Debug|Win32
		{AAA398A5-6013-4838-ABDD-48D1EACAC53E}.Release|x64.ActiveCfg = Release|x64
		{AAA398A5-6013-4838-ABDD-48D1EACAC53E}.Release|x64.Build.0 = Release|x64
		{AAA398A5-6013-4838-ABDD-48D1EACAC53E}.Release|x86.ActiveCfg = Release|Win32
		{AAA398A5-6013-4838-ABDD-48D1EACAC53E}.Release|x86.Build.0 = Release|Win32
	EndGlobalSection
	GlobalSection(SolutionProperties) = preSolution
		HideSolutionNode = FALSE
	EndGlobalSection
	GlobalSection(ExtensibilityGlobals) = postSolution
		SolutionGuid = {1F2D2502-D0EE-4AAE-B6AC-0F2A0D319AE8}
	EndGlobalSection
EndGlobal
